
Microsoft Visual Studio Solution File, Format Version 12.00
# Visual Studio Version 17
VisualStudioVersion = 17.9.34701.34
MinimumVisualStudioVersion = 10.0.40219.1
Project("{FAE04EC0-301F-11D3-BF4B-00C04F79EFBC}") = "lab2", "lab2\lab2.csproj", "{B917F18A-EE6F-4C18-ABEA-37B69831188D}"
EndProject
Global
	GlobalSection(SolutionConfigurationPlatforms) = preSolution
		Debug|Any CPU = Debug|Any CPU
		Release|Any CPU = Release|Any CPU
	EndGlobalSection
	GlobalSection(ProjectConfigurationPlatforms) = postSolution
		{B917F18A-EE6F-4C18-ABEA-37B69831188D}.Debug|Any CPU.ActiveCfg = Debug|Any CPU
		{B917F18A-EE6F-4C18-ABEA-37B69831188D}.Debug|Any CPU.Build.0 = Debug|Any CPU
		{B917F18A-EE6F-4C18-ABEA-37B69831188D}.Release|Any CPU.ActiveCfg = Release|Any CPU
		{B917F18A-EE6F-4C18-ABEA-37B69831188D}.Release|Any CPU.Build.0 = Release|Any CPU
	EndGlobalSection
	GlobalSection(SolutionProperties) = preSolution
		HideSolutionNode = FALSE
	EndGlobalSection
	GlobalSection(ExtensibilityGlobals) = postSolution
		SolutionGuid = {04F3DA88-5D30-476E-8844-9622B4BFC4E3}
	EndGlobalSection
EndGlobal
