
Microsoft Visual Studio Solution File, Format Version 12.00
# Visual Studio Version 17
VisualStudioVersion = 17.9.34616.47
MinimumVisualStudioVersion = 10.0.40219.1
Project("{FAE04EC0-301F-11D3-BF4B-00C04F79EFBC}") = "bt", "bt.csproj", "{DDFAE4E1-885B-4E24-AF05-FC6E164D52A7}"
EndProject
Global
	GlobalSection(SolutionConfigurationPlatforms) = preSolution
		Debug|Any CPU = Debug|Any CPU
		Release|Any CPU = Release|Any CPU
	EndGlobalSection
	GlobalSection(ProjectConfigurationPlatforms) = postSolution
		{DDFAE4E1-885B-4E24-AF05-FC6E164D52A7}.Debug|Any CPU.ActiveCfg = Debug|Any CPU
		{DDFAE4E1-885B-4E24-AF05-FC6E164D52A7}.Debug|Any CPU.Build.0 = Debug|Any CPU
		{DDFAE4E1-885B-4E24-AF05-FC6E164D52A7}.Release|Any CPU.ActiveCfg = Release|Any CPU
		{DDFAE4E1-885B-4E24-AF05-FC6E164D52A7}.Release|Any CPU.Build.0 = Release|Any CPU
	EndGlobalSection
	GlobalSection(SolutionProperties) = preSolution
		HideSolutionNode = FALSE
	EndGlobalSection
	GlobalSection(ExtensibilityGlobals) = postSolution
		SolutionGuid = {3C5DCCB2-ABF6-4F0C-8B7B-8A01994DFE0E}
	EndGlobalSection
EndGlobal
